
Microsoft Visual Studio Solution File, Format Version 12.00
# Visual Studio Version 17
VisualStudioVersion = 17.7.34024.191
MinimumVisualStudioVersion = 10.0.40219.1
Project("{FAE04EC0-301F-11D3-BF4B-00C04F79EFBC}") = "MauiBugDisapearingControls", "MauiBugDisapearingControls.csproj", "{509A760A-1B61-41B8-82D3-44579241BB48}"
EndProject
Global
	GlobalSection(SolutionConfigurationPlatforms) = preSolution
		Debug|Any CPU = Debug|Any CPU
		Release|Any CPU = Release|Any CPU
	EndGlobalSection
	GlobalSection(ProjectConfigurationPlatforms) = postSolution
		{509A760A-1B61-41B8-82D3-44579241BB48}.Debug|Any CPU.ActiveCfg = Debug|Any CPU
		{509A760A-1B61-41B8-82D3-44579241BB48}.Debug|Any CPU.Build.0 = Debug|Any CPU
		{509A760A-1B61-41B8-82D3-44579241BB48}.Debug|Any CPU.Deploy.0 = Debug|Any CPU
		{509A760A-1B61-41B8-82D3-44579241BB48}.Release|Any CPU.ActiveCfg = Release|Any CPU
		{509A760A-1B61-41B8-82D3-44579241BB48}.Release|Any CPU.Build.0 = Release|Any CPU
		{509A760A-1B61-41B8-82D3-44579241BB48}.Release|Any CPU.Deploy.0 = Release|Any CPU
	EndGlobalSection
	GlobalSection(SolutionProperties) = preSolution
		HideSolutionNode = FALSE
	EndGlobalSection
	GlobalSection(ExtensibilityGlobals) = postSolution
		SolutionGuid = {CD3C0233-139B-4205-BCB3-EB32CCAA4F4F}
	EndGlobalSection
EndGlobal
